{
  "name": "prolinear",
  "version": "1.0.0",
  "lockfileVersion": 3,
  "requires": true,
  "packages": {
    "": {
      "name": "prolinear",
      "version": "1.0.0",
      "license": "ISC",
      "dependencies": {
        "glpk.js": "^4.0.1",
        "stream-chain": "^2.2.5",
        "stream-json": "^1.8.0"
      },
      "devDependencies": {
        "@types/stream-json": "^1.7.5"
      }
    },
    "node_modules/@types/node": {
      "version": "20.8.8",
      "resolved": "https://registry.npmjs.org/@types/node/-/node-20.8.8.tgz",
      "integrity": "sha512-YRsdVxq6OaLfmR9Hy816IMp33xOBjfyOgUd77ehqg96CFywxAPbDbXvAsuN2KVg2HOT8Eh6uAfU+l4WffwPVrQ==",
      "dev": true,
      "dependencies": {
        "undici-types": "~5.25.1"
      }
    },
    "node_modules/@types/stream-chain": {
      "version": "2.0.3",
      "resolved": "https://registry.npmjs.org/@types/stream-chain/-/stream-chain-2.0.3.tgz",
      "integrity": "sha512-cwWE6mrdDpmW3B5wr1+vpjbg8h3hZfOr/PbKQ38VE21xNyF64GNjrh855YdNAPCt4kSYXuLwgRqBWkY/dD6KMg==",
      "dev": true,
      "dependencies": {
        "@types/node": "*"
      }
    },
    "node_modules/@types/stream-json": {
      "version": "1.7.5",
      "resolved": "https://registry.npmjs.org/@types/stream-json/-/stream-json-1.7.5.tgz",
      "integrity": "sha512-IVTtojYNqc6RT9FWBlwPLG6QTVdv2gHdqHOyBYPgcsCKfwIxcQpKw0e0ybQVyCvJJT9Le6w9RB5r5c6mo2m+IQ==",
      "dev": true,
      "dependencies": {
        "@types/node": "*",
        "@types/stream-chain": "*"
      }
    },
    "node_modules/glpk.js": {
      "version": "4.0.1",
      "resolved": "https://registry.npmjs.org/glpk.js/-/glpk.js-4.0.1.tgz",
      "integrity": "sha512-sxb3UT9IP2NXCocvFoC4I4XcvyVRGTS48hRWWpSAnl8yrsSbKDF58HjR8BUu1YxXHkkZ3kq7ycs7RLvI7l1pYg==",
      "dependencies": {
        "pako": "^2.0.4"
      }
    },
    "node_modules/pako": {
      "version": "2.1.0",
      "resolved": "https://registry.npmjs.org/pako/-/pako-2.1.0.tgz",
      "integrity": "sha512-w+eufiZ1WuJYgPXbV/PO3NCMEc3xqylkKHzp8bxp1uW4qaSNQUkwmLLEc3kKsfz8lpV1F8Ht3U1Cm+9Srog2ug=="
    },
    "node_modules/stream-chain": {
      "version": "2.2.5",
      "resolved": "https://registry.npmjs.org/stream-chain/-/stream-chain-2.2.5.tgz",
      "integrity": "sha512-1TJmBx6aSWqZ4tx7aTpBDXK0/e2hhcNSTV8+CbFJtDjbb+I1mZ8lHit0Grw9GRT+6JbIrrDd8esncgBi8aBXGA=="
    },
    "node_modules/stream-json": {
      "version": "1.8.0",
      "resolved": "https://registry.npmjs.org/stream-json/-/stream-json-1.8.0.tgz",
      "integrity": "sha512-HZfXngYHUAr1exT4fxlbc1IOce1RYxp2ldeaf97LYCOPSoOqY/1Psp7iGvpb+6JIOgkra9zDYnPX01hGAHzEPw==",
      "dependencies": {
        "stream-chain": "^2.2.5"
      }
    },
    "node_modules/undici-types": {
      "version": "5.25.3",
      "resolved": "https://registry.npmjs.org/undici-types/-/undici-types-5.25.3.tgz",
      "integrity": "sha512-Ga1jfYwRn7+cP9v8auvEXN1rX3sWqlayd4HP7OKk4mZWylEmu3KzXDUGrQUN6Ol7qo1gPvB2e5gX6udnyEPgdA==",
      "dev": true
    }
  }
}
